
Microsoft Visual Studio Solution File, Format Version 12.00
Project("{FAE04EC0-301F-11D3-BF4B-00C04F79EFBC}") = "C-DEATH", "C-DEATH\C-DEATH.csproj", "{81304DD1-C4E1-4A48-8FC6-C69819F9CD53}"
EndProject
Project("{FAE04EC0-301F-11D3-BF4B-00C04F79EFBC}") = "TESTGIT", "TESTGIT\TESTGIT.csproj", "{19C01463-CD92-435C-AC97-62BDC3B891A4}"
EndProject
Project("{FAE04EC0-301F-11D3-BF4B-00C04F79EFBC}") = "gittest", "gittest\gittest.csproj", "{A1C25107-A0DC-4373-874B-6B1D23CB3735}"
EndProject
Global
	GlobalSection(SolutionConfigurationPlatforms) = preSolution
		Debug|Any CPU = Debug|Any CPU
		Release|Any CPU = Release|Any CPU
	EndGlobalSection
	GlobalSection(ProjectConfigurationPlatforms) = postSolution
		{81304DD1-C4E1-4A48-8FC6-C69819F9CD53}.Debug|Any CPU.ActiveCfg = Debug|Any CPU
		{81304DD1-C4E1-4A48-8FC6-C69819F9CD53}.Debug|Any CPU.Build.0 = Debug|Any CPU
		{81304DD1-C4E1-4A48-8FC6-C69819F9CD53}.Release|Any CPU.ActiveCfg = Release|Any CPU
		{81304DD1-C4E1-4A48-8FC6-C69819F9CD53}.Release|Any CPU.Build.0 = Release|Any CPU
		{19C01463-CD92-435C-AC97-62BDC3B891A4}.Debug|Any CPU.ActiveCfg = Debug|Any CPU
		{19C01463-CD92-435C-AC97-62BDC3B891A4}.Debug|Any CPU.Build.0 = Debug|Any CPU
		{19C01463-CD92-435C-AC97-62BDC3B891A4}.Release|Any CPU.ActiveCfg = Release|Any CPU
		{19C01463-CD92-435C-AC97-62BDC3B891A4}.Release|Any CPU.Build.0 = Release|Any CPU
		{A1C25107-A0DC-4373-874B-6B1D23CB3735}.Debug|Any CPU.ActiveCfg = Debug|Any CPU
		{A1C25107-A0DC-4373-874B-6B1D23CB3735}.Debug|Any CPU.Build.0 = Debug|Any CPU
		{A1C25107-A0DC-4373-874B-6B1D23CB3735}.Release|Any CPU.ActiveCfg = Release|Any CPU
		{A1C25107-A0DC-4373-874B-6B1D23CB3735}.Release|Any CPU.Build.0 = Release|Any CPU
	EndGlobalSection
EndGlobal
